
Microsoft Visual Studio Solution File, Format Version 12.00
# Visual Studio Version 17
VisualStudioVersion = 17.0.32126.317
MinimumVisualStudioVersion = 10.0.40219.1
Project("{FAE04EC0-301F-11D3-BF4B-00C04F79EFBC}") = "Note-taking App", "Note-taking App.csproj", "{FA8B8A10-4856-4A02-A1A5-DD1B27EC3139}"
EndProject
Global
	GlobalSection(SolutionConfigurationPlatforms) = preSolution
		Debug|Any CPU = Debug|Any CPU
		Release|Any CPU = Release|Any CPU
	EndGlobalSection
	GlobalSection(ProjectConfigurationPlatforms) = postSolution
		{FA8B8A10-4856-4A02-A1A5-DD1B27EC3139}.Debug|Any CPU.ActiveCfg = Debug|Any CPU
		{FA8B8A10-4856-4A02-A1A5-DD1B27EC3139}.Debug|Any CPU.Build.0 = Debug|Any CPU
		{FA8B8A10-4856-4A02-A1A5-DD1B27EC3139}.Release|Any CPU.ActiveCfg = Release|Any CPU
		{FA8B8A10-4856-4A02-A1A5-DD1B27EC3139}.Release|Any CPU.Build.0 = Release|Any CPU
	EndGlobalSection
	GlobalSection(SolutionProperties) = preSolution
		HideSolutionNode = FALSE
	EndGlobalSection
	GlobalSection(ExtensibilityGlobals) = postSolution
		SolutionGuid = {7132B74F-3A2D-488D-BC22-A499DCFF17D3}
	EndGlobalSection
EndGlobal
